// !$*UTF8*$!
{
	archiveVersion = 1;
	classes = {
	};
	objectVersion = 46;
	objects = {

/* Begin PBXBuildFile section */
		65A2D5BF1F55618B00B31294 /* main.m in Sources */ = {isa = PBXBuildFile; fileRef = 65A2D5BE1F55618B00B31294 /* main.m */; };
		65A2D5C21F55618B00B31294 /* AppDelegate.m in Sources */ = {isa = PBXBuildFile; fileRef = 65A2D5C11F55618B00B31294 /* AppDelegate.m */; };
		65A2D5C51F55618B00B31294 /* ViewController.m in Sources */ = {isa = PBXBuildFile; fileRef = 65A2D5C41F55618B00B31294 /* ViewController.m */; };
		65A2D5C81F55618B00B31294 /* Main.storyboard in Resources */ = {isa = PBXBuildFile; fileRef = 65A2D5C61F55618B00B31294 /* Main.storyboard */; };
		65A2D5CA1F55618B00B31294 /* Assets.xcassets in Resources */ = {isa = PBXBuildFile; fileRef = 65A2D5C91F55618B00B31294 /* Assets.xcassets */; };
		65A2D5CD1F55618B00B31294 /* LaunchScreen.storyboard in Resources */ = {isa = PBXBuildFile; fileRef = 65A2D5CB1F55618B00B31294 /* LaunchScreen.storyboard */; };
		65A2D5D81F55618C00B31294 /* dropDownMultiSelectTests.m in Sources */ = {isa = PBXBuildFile; fileRef = 65A2D5D71F55618C00B31294 /* dropDownMultiSelectTests.m */; };
		65A2D5E31F55618C00B31294 /* dropDownMultiSelectUITests.m in Sources */ = {isa = PBXBuildFile; fileRef = 65A2D5E21F55618C00B31294 /* dropDownMultiSelectUITests.m */; };
		65A2D5F61F5561CF00B31294 /* dropdownMenu_cornerIcon.png in Resources */ = {isa = PBXBuildFile; fileRef = 65A2D5F51F5561CF00B31294 /* dropdownMenu_cornerIcon.png */; };
		65A2D5F91F55626500B31294 /* SCJDropDownMultiSelectMenu.m in Sources */ = {isa = PBXBuildFile; fileRef = 65A2D5F81F55626500B31294 /* SCJDropDownMultiSelectMenu.m */; };
		65A2D5FC1F5562D900B31294 /* icon9.png in Resources */ = {isa = PBXBuildFile; fileRef = 65A2D5FA1F5562D900B31294 /* icon9.png */; };
		65A2D5FD1F5562D900B31294 /* icon10.png in Resources */ = {isa = PBXBuildFile; fileRef = 65A2D5FB1F5562D900B31294 /* icon10.png */; };
/* End PBXBuildFile section */

/* Begin PBXContainerItemProxy section */
		65A2D5D41F55618C00B31294 /* PBXContainerItemProxy */ = {
			isa = PBXContainerItemProxy;
			containerPortal = 65A2D5B21F55618B00B31294 /* Project object */;
			proxyType = 1;
			remoteGlobalIDString = 65A2D5B91F55618B00B31294;
			remoteInfo = dropDownMultiSelect;
		};
		65A2D5DF1F55618C00B31294 /* PBXContainerItemProxy */ = {
			isa = PBXContainerItemProxy;
			containerPortal = 65A2D5B21F55618B00B31294 /* Project object */;
			proxyType = 1;
			remoteGlobalIDString = 65A2D5B91F55618B00B31294;
			remoteInfo = dropDownMultiSelect;
		};
/* End PBXContainerItemProxy section */

/* Begin PBXFileReference section */
		65A2D5BA1F55618B00B31294 /* dropDownMultiSelect.app */ = {isa = PBXFileReference; explicitFileType = wrapper.application; includeInIndex = 0; path = dropDownMultiSelect.app; sourceTree = BUILT_PRODUCTS_DIR; };
		65A2D5BE1F55618B00B31294 /* main.m */ = {isa = PBXFileReference; lastKnownFileType = sourcecode.c.objc; path = main.m; sourceTree = "<group>"; };
		65A2D5C01F55618B00B31294 /* AppDelegate.h */ = {isa = PBXFileReference; lastKnownFileType = sourcecode.c.h; path = AppDelegate.h; sourceTree = "<group>"; };
		65A2D5C11F55618B00B31294 /* AppDelegate.m */ = {isa = PBXFileReference; lastKnownFileType = sourcecode.c.objc; path = AppDelegate.m; sourceTree = "<group>"; };
		65A2D5C31F55618B00B31294 /* ViewController.h */ = {isa = PBXFileReference; lastKnownFileType = sourcecode.c.h; path = ViewController.h; sourceTree = "<group>"; };
		65A2D5C41F55618B00B31294 /* ViewController.m */ = {isa = PBXFileReference; lastKnownFileType = sourcecode.c.objc; path = ViewController.m; sourceTree = "<group>"; };
		65A2D5C71F55618B00B31294 /* Base */ = {isa = PBXFileReference; lastKnownFileType = file.storyboard; name = Base; path = Base.lproj/Main.storyboard; sourceTree = "<group>"; };
		65A2D5C91F55618B00B31294 /* Assets.xcassets */ = {isa = PBXFileReference; lastKnownFileType = folder.assetcatalog; path = Assets.xcassets; sourceTree = "<group>"; };
		65A2D5CC1F55618B00B31294 /* Base */ = {isa = PBXFileReference; lastKnownFileType = file.storyboard; name = Base; path = Base.lproj/LaunchScreen.storyboard; sourceTree = "<group>"; };
		65A2D5CE1F55618B00B31294 /* Info.plist */ = {isa = PBXFileReference; lastKnownFileType = text.plist.xml; path = Info.plist; sourceTree = "<group>"; };
		65A2D5D31F55618C00B31294 /* dropDownMultiSelectTests.xctest */ = {isa = PBXFileReference; explicitFileType = wrapper.cfbundle; includeInIndex = 0; path = dropDownMultiSelectTests.xctest; sourceTree = BUILT_PRODUCTS_DIR; };
		65A2D5D71F55618C00B31294 /* dropDownMultiSelectTests.m */ = {isa = PBXFileReference; lastKnownFileType = sourcecode.c.objc; path = dropDownMultiSelectTests.m; sourceTree = "<group>"; };
		65A2D5D91F55618C00B31294 /* Info.plist */ = {isa = PBXFileReference; lastKnownFileType = text.plist.xml; path = Info.plist; sourceTree = "<group>"; };
		65A2D5DE1F55618C00B31294 /* dropDownMultiSelectUITests.xctest */ = {isa = PBXFileReference; explicitFileType = wrapper.cfbundle; includeInIndex = 0; path = dropDownMultiSelectUITests.xctest; sourceTree = BUILT_PRODUCTS_DIR; };
		65A2D5E21F55618C00B31294 /* dropDownMultiSelectUITests.m */ = {isa = PBXFileReference; lastKnownFileType = sourcecode.c.objc; path = dropDownMultiSelectUITests.m; sourceTree = "<group>"; };
		65A2D5E41F55618C00B31294 /* Info.plist */ = {isa = PBXFileReference; lastKnownFileType = text.plist.xml; path = Info.plist; sourceTree = "<group>"; };
		65A2D5F51F5561CF00B31294 /* dropdownMenu_cornerIcon.png */ = {isa = PBXFileReference; lastKnownFileType = image.png; path = dropdownMenu_cornerIcon.png; sourceTree = "<group>"; };
		65A2D5F71F55626500B31294 /* SCJDropDownMultiSelectMenu.h */ = {isa = PBXFileReference; fileEncoding = 4; lastKnownFileType = sourcecode.c.h; path = SCJDropDownMultiSelectMenu.h; sourceTree = "<group>"; };
		65A2D5F81F55626500B31294 /* SCJDropDownMultiSelectMenu.m */ = {isa = PBXFileReference; fileEncoding = 4; lastKnownFileType = sourcecode.c.objc; path = SCJDropDownMultiSelectMenu.m; sourceTree = "<group>"; };
		65A2D5FA1F5562D900B31294 /* icon9.png */ = {isa = PBXFileReference; lastKnownFileType = image.png; path = icon9.png; sourceTree = "<group>"; };
		65A2D5FB1F5562D900B31294 /* icon10.png */ = {isa = PBXFileReference; lastKnownFileType = image.png; path = icon10.png; sourceTree = "<group>"; };
/* End PBXFileReference section */

/* Begin PBXFrameworksBuildPhase section */
		65A2D5B71F55618B00B31294 /* Frameworks */ = {
			isa = PBXFrameworksBuildPhase;
			buildActionMask = 2147483647;
			files = (
			);
			runOnlyForDeploymentPostprocessing = 0;
		};
		65A2D5D01F55618C00B31294 /* Frameworks */ = {
			isa = PBXFrameworksBuildPhase;
			buildActionMask = 2147483647;
			files = (
			);
			runOnlyForDeploymentPostprocessing = 0;
		};
		65A2D5DB1F55618C00B31294 /* Frameworks */ = {
			isa = PBXFrameworksBuildPhase;
			buildActionMask = 2147483647;
			files = (
			);
			runOnlyForDeploymentPostprocessing = 0;
		};
/* End PBXFrameworksBuildPhase section */

/* Begin PBXGroup section */
		65A2D5B11F55618B00B31294 = {
			isa = PBXGroup;
			children = (
				65A2D5BC1F55618B00B31294 /* dropDownMultiSelect */,
				65A2D5D61F55618C00B31294 /* dropDownMultiSelectTests */,
				65A2D5E11F55618C00B31294 /* dropDownMultiSelectUITests */,
				65A2D5BB1F55618B00B31294 /* Products */,
			);
			sourceTree = "<group>";
		};
		65A2D5BB1F55618B00B31294 /* Products */ = {
			isa = PBXGroup;
			children = (
				65A2D5BA1F55618B00B31294 /* dropDownMultiSelect.app */,
				65A2D5D31F55618C00B31294 /* dropDownMultiSelectTests.xctest */,
				65A2D5DE1F55618C00B31294 /* dropDownMultiSelectUITests.xctest */,
			);
			name = Products;
			sourceTree = "<group>";
		};
		65A2D5BC1F55618B00B31294 /* dropDownMultiSelect */ = {
			isa = PBXGroup;
			children = (
				65A2D5F41F5561C700B31294 /* Frame */,
				65A2D5C01F55618B00B31294 /* AppDelegate.h */,
				65A2D5C11F55618B00B31294 /* AppDelegate.m */,
				65A2D5C31F55618B00B31294 /* ViewController.h */,
				65A2D5C41F55618B00B31294 /* ViewController.m */,
				65A2D5C61F55618B00B31294 /* Main.storyboard */,
				65A2D5C91F55618B00B31294 /* Assets.xcassets */,
				65A2D5CB1F55618B00B31294 /* LaunchScreen.storyboard */,
				65A2D5CE1F55618B00B31294 /* Info.plist */,
				65A2D5BD1F55618B00B31294 /* Supporting Files */,
			);
			path = dropDownMultiSelect;
			sourceTree = "<group>";
		};
		65A2D5BD1F55618B00B31294 /* Supporting Files */ = {
			isa = PBXGroup;
			children = (
				65A2D5BE1F55618B00B31294 /* main.m */,
			);
			name = "Supporting Files";
			sourceTree = "<group>";
		};
		65A2D5D61F55618C00B31294 /* dropDownMultiSelectTests */ = {
			isa = PBXGroup;
			children = (
				65A2D5D71F55618C00B31294 /* dropDownMultiSelectTests.m */,
				65A2D5D91F55618C00B31294 /* Info.plist */,
			);
			path = dropDownMultiSelectTests;
			sourceTree = "<group>";
		};
		65A2D5E11F55618C00B31294 /* dropDownMultiSelectUITests */ = {
			isa = PBXGroup;
			children = (
				65A2D5E21F55618C00B31294 /* dropDownMultiSelectUITests.m */,
				65A2D5E41F55618C00B31294 /* Info.plist */,
			);
			path = dropDownMultiSelectUITests;
			sourceTree = "<group>";
		};
		65A2D5F41F5561C700B31294 /* Frame */ = {
			isa = PBXGroup;
			children = (
				65A2D5FA1F5562D900B31294 /* icon9.png */,
				65A2D5FB1F5562D900B31294 /* icon10.png */,
				65A2D5F51F5561CF00B31294 /* dropdownMenu_cornerIcon.png */,
				65A2D5F71F55626500B31294 /* SCJDropDownMultiSelectMenu.h */,
				65A2D5F81F55626500B31294 /* SCJDropDownMultiSelectMenu.m */,
			);
			path = Frame;
			sourceTree = "<group>";
		};
/* End PBXGroup section */

/* Begin PBXNativeTarget section */
		65A2D5B91F55618B00B31294 /* dropDownMultiSelect */ = {
			isa = PBXNativeTarget;
			buildConfigurationList = 65A2D5E71F55618C00B31294 /* Build configuration list for PBXNativeTarget "dropDownMultiSelect" */;
			buildPhases = (
				65A2D5B61F55618B00B31294 /* Sources */,
				65A2D5B71F55618B00B31294 /* Frameworks */,
				65A2D5B81F55618B00B31294 /* Resources */,
			);
			buildRules = (
			);
			dependencies = (
			);
			name = dropDownMultiSelect;
			productName = dropDownMultiSelect;
			productReference = 65A2D5BA1F55618B00B31294 /* dropDownMultiSelect.app */;
			productType = "com.apple.product-type.application";
		};
		65A2D5D21F55618C00B31294 /* dropDownMultiSelectTests */ = {
			isa = PBXNativeTarget;
			buildConfigurationList = 65A2D5EA1F55618C00B31294 /* Build configuration list for PBXNativeTarget "dropDownMultiSelectTests" */;
			buildPhases = (
				65A2D5CF1F55618C00B31294 /* Sources */,
				65A2D5D01F55618C00B31294 /* Frameworks */,
				65A2D5D11F55618C00B31294 /* Resources */,
			);
			buildRules = (
			);
			dependencies = (
				65A2D5D51F55618C00B31294 /* PBXTargetDependency */,
			);
			name = dropDownMultiSelectTests;
			productName = dropDownMultiSelectTests;
			productReference = 65A2D5D31F55618C00B31294 /* dropDownMultiSelectTests.xctest */;
			productType = "com.apple.product-type.bundle.unit-test";
		};
		65A2D5DD1F55618C00B31294 /* dropDownMultiSelectUITests */ = {
			isa = PBXNativeTarget;
			buildConfigurationList = 65A2D5ED1F55618C00B31294 /* Build configuration list for PBXNativeTarget "dropDownMultiSelectUITests" */;
			buildPhases = (
				65A2D5DA1F55618C00B31294 /* Sources */,
				65A2D5DB1F55618C00B31294 /* Frameworks */,
				65A2D5DC1F55618C00B31294 /* Resources */,
			);
			buildRules = (
			);
			dependencies = (
				65A2D5E01F55618C00B31294 /* PBXTargetDependency */,
			);
			name = dropDownMultiSelectUITests;
			productName = dropDownMultiSelectUITests;
			productReference = 65A2D5DE1F55618C00B31294 /* dropDownMultiSelectUITests.xctest */;
			productType = "com.apple.product-type.bundle.ui-testing";
		};
/* End PBXNativeTarget section */

/* Begin PBXProject section */
		65A2D5B21F55618B00B31294 /* Project object */ = {
			isa = PBXProject;
			attributes = {
				LastUpgradeCheck = 0830;
				ORGANIZATIONNAME = desunire;
				TargetAttributes = {
					65A2D5B91F55618B00B31294 = {
						CreatedOnToolsVersion = 8.3.3;
						DevelopmentTeam = QY49W3J4CY;
						ProvisioningStyle = Automatic;
					};
					65A2D5D21F55618C00B31294 = {
						CreatedOnToolsVersion = 8.3.3;
						DevelopmentTeam = QY49W3J4CY;
						ProvisioningStyle = Automatic;
						TestTargetID = 65A2D5B91F55618B00B31294;
					};
					65A2D5DD1F55618C00B31294 = {
						CreatedOnToolsVersion = 8.3.3;
						DevelopmentTeam = QY49W3J4CY;
						ProvisioningStyle = Automatic;
						TestTargetID = 65A2D5B91F55618B00B31294;
					};
				};
			};
			buildConfigurationList = 65A2D5B51F55618B00B31294 /* Build configuration list for PBXProject "dropDownMultiSelect" */;
			compatibilityVersion = "Xcode 3.2";
			developmentRegion = English;
			hasScannedForEncodings = 0;
			knownRegions = (
				en,
				Base,
			);
			mainGroup = 65A2D5B11F55618B00B31294;
			productRefGroup = 65A2D5BB1F55618B00B31294 /* Products */;
			projectDirPath = "";
			projectRoot = "";
			targets = (
				65A2D5B91F55618B00B31294 /* dropDownMultiSelect */,
				65A2D5D21F55618C00B31294 /* dropDownMultiSelectTests */,
				65A2D5DD1F55618C00B31294 /* dropDownMultiSelectUITests */,
			);
		};
/* End PBXProject section */

/* Begin PBXResourcesBuildPhase section */
		65A2D5B81F55618B00B31294 /* Resources */ = {
			isa = PBXResourcesBuildPhase;
			buildActionMask = 2147483647;
			files = (
				65A2D5CD1F55618B00B31294 /* LaunchScreen.storyboard in Resources */,
				65A2D5FD1F5562D900B31294 /* icon10.png in Resources */,
				65A2D5F61F5561CF00B31294 /* dropdownMenu_cornerIcon.png in Resources */,
				65A2D5FC1F5562D900B31294 /* icon9.png in Resources */,
				65A2D5CA1F55618B00B31294 /* Assets.xcassets in Resources */,
				65A2D5C81F55618B00B31294 /* Main.storyboard in Resources */,
			);
			runOnlyForDeploymentPostprocessing = 0;
		};
		65A2D5D11F55618C00B31294 /* Resources */ = {
			isa = PBXResourcesBuildPhase;
			buildActionMask = 2147483647;
			files = (
			);
			runOnlyForDeploymentPostprocessing = 0;
		};
		65A2D5DC1F55618C00B31294 /* Resources */ = {
			isa = PBXResourcesBuildPhase;
			buildActionMask = 2147483647;
			files = (
			);
			runOnlyForDeploymentPostprocessing = 0;
		};
/* End PBXResourcesBuildPhase section */

/* Begin PBXSourcesBuildPhase section */
		65A2D5B61F55618B00B31294 /* Sources */ = {
			isa = PBXSourcesBuildPhase;
			buildActionMask = 2147483647;
			files = (
				65A2D5F91F55626500B31294 /* SCJDropDownMultiSelectMenu.m in Sources */,
				65A2D5C51F55618B00B31294 /* ViewController.m in Sources */,
				65A2D5C21F55618B00B31294 /* AppDelegate.m in Sources */,
				65A2D5BF1F55618B00B31294 /* main.m in Sources */,
			);
			runOnlyForDeploymentPostprocessing = 0;
		};
		65A2D5CF1F55618C00B31294 /* Sources */ = {
			isa = PBXSourcesBuildPhase;
			buildActionMask = 2147483647;
			files = (
				65A2D5D81F55618C00B31294 /* dropDownMultiSelectTests.m in Sources */,
			);
			runOnlyForDeploymentPostprocessing = 0;
		};
		65A2D5DA1F55618C00B31294 /* Sources */ = {
			isa = PBXSourcesBuildPhase;
			buildActionMask = 2147483647;
			files = (
				65A2D5E31F55618C00B31294 /* dropDownMultiSelectUITests.m in Sources */,
			);
			runOnlyForDeploymentPostprocessing = 0;
		};
/* End PBXSourcesBuildPhase section */

/* Begin PBXTargetDependency section */
		65A2D5D51F55618C00B31294 /* PBXTargetDependency */ = {
			isa = PBXTargetDependency;
			target = 65A2D5B91F55618B00B31294 /* dropDownMultiSelect */;
			targetProxy = 65A2D5D41F55618C00B31294 /* PBXContainerItemProxy */;
		};
		65A2D5E01F55618C00B31294 /* PBXTargetDependency */ = {
			isa = PBXTargetDependency;
			target = 65A2D5B91F55618B00B31294 /* dropDownMultiSelect */;
			targetProxy = 65A2D5DF1F55618C00B31294 /* PBXContainerItemProxy */;
		};
/* End PBXTargetDependency section */

/* Begin PBXVariantGroup section */
		65A2D5C61F55618B00B31294 /* Main.storyboard */ = {
			isa = PBXVariantGroup;
			children = (
				65A2D5C71F55618B00B31294 /* Base */,
			);
			name = Main.storyboard;
			sourceTree = "<group>";
		};
		65A2D5CB1F55618B00B31294 /* LaunchScreen.storyboard */ = {
			isa = PBXVariantGroup;
			children = (
				65A2D5CC1F55618B00B31294 /* Base */,
			);
			name = LaunchScreen.storyboard;
			sourceTree = "<group>";
		};
/* End PBXVariantGroup section */

/* Begin XCBuildConfiguration section */
		65A2D5E51F55618C00B31294 /* Debug */ = {
			isa = XCBuildConfiguration;
			buildSettings = {
				ALWAYS_SEARCH_USER_PATHS = NO;
				CLANG_ANALYZER_NONNULL = YES;
				CLANG_ANALYZER_NUMBER_OBJECT_CONVERSION = YES_AGGRESSIVE;
				CLANG_CXX_LANGUAGE_STANDARD = "gnu++0x";
				CLANG_CXX_LIBRARY = "libc++";
				CLANG_ENABLE_MODULES = YES;
				CLANG_ENABLE_OBJC_ARC = YES;
				CLANG_WARN_BOOL_CONVERSION = YES;
				CLANG_WARN_CONSTANT_CONVERSION = YES;
				CLANG_WARN_DIRECT_OBJC_ISA_USAGE = YES_ERROR;
				CLANG_WARN_DOCUMENTATION_COMMENTS = YES;
				CLANG_WARN_EMPTY_BODY = YES;
				CLANG_WARN_ENUM_CONVERSION = YES;
				CLANG_WARN_INFINITE_RECURSION = YES;
				CLANG_WARN_INT_CONVERSION = YES;
				CLANG_WARN_OBJC_ROOT_CLASS = YES_ERROR;
				CLANG_WARN_SUSPICIOUS_MOVE = YES;
				CLANG_WARN_UNREACHABLE_CODE = YES;
				CLANG_WARN__DUPLICATE_METHOD_MATCH = YES;
				"CODE_SIGN_IDENTITY[sdk=iphoneos*]" = "iPhone Developer";
				COPY_PHASE_STRIP = NO;
				DEBUG_INFORMATION_FORMAT = dwarf;
				ENABLE_STRICT_OBJC_MSGSEND = YES;
				ENABLE_TESTABILITY = YES;
				GCC_C_LANGUAGE_STANDARD = gnu99;
				GCC_DYNAMIC_NO_PIC = NO;
				GCC_NO_COMMON_BLOCKS = YES;
				GCC_OPTIMIZATION_LEVEL = 0;
				GCC_PREPROCESSOR_DEFINITIONS = (
					"DEBUG=1",
					"$(inherited)",
				);
				GCC_WARN_64_TO_32_BIT_CONVERSION = YES;
				GCC_WARN_ABOUT_RETURN_TYPE = YES_ERROR;
				GCC_WARN_UNDECLARED_SELECTOR = YES;
				GCC_WARN_UNINITIALIZED_AUTOS = YES_AGGRESSIVE;
				GCC_WARN_UNUSED_FUNCTION = YES;
				GCC_WARN_UNUSED_VARIABLE = YES;
				IPHONEOS_DEPLOYMENT_TARGET = 10.3;
				MTL_ENABLE_DEBUG_INFO = YES;
				ONLY_ACTIVE_ARCH = YES;
				SDKROOT = iphoneos;
				TARGETED_DEVICE_FAMILY = "1,2";
			};
			name = Debug;
		};
		65A2D5E61F55618C00B31294 /* Release */ = {
			isa = XCBuildConfiguration;
			buildSettings = {
				ALWAYS_SEARCH_USER_PATHS = NO;
				CLANG_ANALYZER_NONNULL = YES;
				CLANG_ANALYZER_NUMBER_OBJECT_CONVERSION = YES_AGGRESSIVE;
				CLANG_CXX_LANGUAGE_STANDARD = "gnu++0x";
				CLANG_CXX_LIBRARY = "libc++";
				CLANG_ENABLE_MODULES = YES;
				CLANG_ENABLE_OBJC_ARC = YES;
				CLANG_WARN_BOOL_CONVERSION = YES;
				CLANG_WARN_CONSTANT_CONVERSION = YES;
				CLANG_WARN_DIRECT_OBJC_ISA_USAGE = YES_ERROR;
				CLANG_WARN_DOCUMENTATION_COMMENTS = YES;
				CLANG_WARN_EMPTY_BODY = YES;
				CLANG_WARN_ENUM_CONVERSION = YES;
				CLANG_WARN_INFINITE_RECURSION = YES;
				CLANG_WARN_INT_CONVERSION = YES;
				CLANG_WARN_OBJC_ROOT_CLASS = YES_ERROR;
				CLANG_WARN_SUSPICIOUS_MOVE = YES;
				CLANG_WARN_UNREACHABLE_CODE = YES;
				CLANG_WARN__DUPLICATE_METHOD_MATCH = YES;
				"CODE_SIGN_IDENTITY[sdk=iphoneos*]" = "iPhone Developer";
				COPY_PHASE_STRIP = NO;
				DEBUG_INFORMATION_FORMAT = "dwarf-with-dsym";
				ENABLE_NS_ASSERTIONS = NO;
				ENABLE_STRICT_OBJC_MSGSEND = YES;
				GCC_C_LANGUAGE_STANDARD = gnu99;
				GCC_NO_COMMON_BLOCKS = YES;
				GCC_WARN_64_TO_32_BIT_CONVERSION = YES;
				GCC_WARN_ABOUT_RETURN_TYPE = YES_ERROR;
				GCC_WARN_UNDECLARED_SELECTOR = YES;
				GCC_WARN_UNINITIALIZED_AUTOS = YES_AGGRESSIVE;
				GCC_WARN_UNUSED_FUNCTION = YES;
				GCC_WARN_UNUSED_VARIABLE = YES;
				IPHONEOS_DEPLOYMENT_TARGET = 10.3;
				MTL_ENABLE_DEBUG_INFO = NO;
				SDKROOT = iphoneos;
				TARGETED_DEVICE_FAMILY = "1,2";
				VALIDATE_PRODUCT = YES;
			};
			name = Release;
		};
		65A2D5E81F55618C00B31294 /* Debug */ = {
			isa = XCBuildConfiguration;
			buildSettings = {
				ASSETCATALOG_COMPILER_APPICON_NAME = AppIcon;
				DEVELOPMENT_TEAM = QY49W3J4CY;
				INFOPLIST_FILE = dropDownMultiSelect/Info.plist;
				LD_RUNPATH_SEARCH_PATHS = "$(inherited) @executable_path/Frameworks";
				PRODUCT_BUNDLE_IDENTIFIER = kl.dropDownMultiSelect;
				PRODUCT_NAME = "$(TARGET_NAME)";
			};
			name = Debug;
		};
		65A2D5E91F55618C00B31294 /* Release */ = {
			isa = XCBuildConfiguration;
			buildSettings = {
				ASSETCATALOG_COMPILER_APPICON_NAME = AppIcon;
				DEVELOPMENT_TEAM = QY49W3J4CY;
				INFOPLIST_FILE = dropDownMultiSelect/Info.plist;
				LD_RUNPATH_SEARCH_PATHS = "$(inherited) @executable_path/Frameworks";
				PRODUCT_BUNDLE_IDENTIFIER = kl.dropDownMultiSelect;
				PRODUCT_NAME = "$(TARGET_NAME)";
			};
			name = Release;
		};
		65A2D5EB1F55618C00B31294 /* Debug */ = {
			isa = XCBuildConfiguration;
			buildSettings = {
				BUNDLE_LOADER = "$(TEST_HOST)";
				DEVELOPMENT_TEAM = QY49W3J4CY;
				INFOPLIST_FILE = dropDownMultiSelectTests/Info.plist;
				LD_RUNPATH_SEARCH_PATHS = "$(inherited) @executable_path/Frameworks @loader_path/Frameworks";
				PRODUCT_BUNDLE_IDENTIFIER = kl.dropDownMultiSelectTests;
				PRODUCT_NAME = "$(TARGET_NAME)";
				TEST_HOST = "$(BUILT_PRODUCTS_DIR)/dropDownMultiSelect.app/dropDownMultiSelect";
			};
			name = Debug;
		};
		65A2D5EC1F55618C00B31294 /* Release */ = {
			isa = XCBuildConfiguration;
			buildSettings = {
				BUNDLE_LOADER = "$(TEST_HOST)";
				DEVELOPMENT_TEAM = QY49W3J4CY;
				INFOPLIST_FILE = dropDownMultiSelectTests/Info.plist;
				LD_RUNPATH_SEARCH_PATHS = "$(inherited) @executable_path/Frameworks @loader_path/Frameworks";
				PRODUCT_BUNDLE_IDENTIFIER = kl.dropDownMultiSelectTests;
				PRODUCT_NAME = "$(TARGET_NAME)";
				TEST_HOST = "$(BUILT_PRODUCTS_DIR)/dropDownMultiSelect.app/dropDownMultiSelect";
			};
			name = Release;
		};
		65A2D5EE1F55618C00B31294 /* Debug */ = {
			isa = XCBuildConfiguration;
			buildSettings = {
				DEVELOPMENT_TEAM = QY49W3J4CY;
				INFOPLIST_FILE = dropDownMultiSelectUITests/Info.plist;
				LD_RUNPATH_SEARCH_PATHS = "$(inherited) @executable_path/Frameworks @loader_path/Frameworks";
				PRODUCT_BUNDLE_IDENTIFIER = kl.dropDownMultiSelectUITests;
				PRODUCT_NAME = "$(TARGET_NAME)";
				TEST_TARGET_NAME = dropDownMultiSelect;
			};
			name = Debug;
		};
		65A2D5EF1F55618C00B31294 /* Release */ = {
			isa = XCBuildConfiguration;
			buildSettings = {
				DEVELOPMENT_TEAM = QY49W3J4CY;
				INFOPLIST_FILE = dropDownMultiSelectUITests/Info.plist;
				LD_RUNPATH_SEARCH_PATHS = "$(inherited) @executable_path/Frameworks @loader_path/Frameworks";
				PRODUCT_BUNDLE_IDENTIFIER = kl.dropDownMultiSelectUITests;
				PRODUCT_NAME = "$(TARGET_NAME)";
				TEST_TARGET_NAME = dropDownMultiSelect;
			};
			name = Release;
		};
/* End XCBuildConfiguration section */

/* Begin XCConfigurationList section */
		65A2D5B51F55618B00B31294 /* Build configuration list for PBXProject "dropDownMultiSelect" */ = {
			isa = XCConfigurationList;
			buildConfigurations = (
				65A2D5E51F55618C00B31294 /* Debug */,
				65A2D5E61F55618C00B31294 /* Release */,
			);
			defaultConfigurationIsVisible = 0;
			defaultConfigurationName = Release;
		};
		65A2D5E71F55618C00B31294 /* Build configuration list for PBXNativeTarget "dropDownMultiSelect" */ = {
			isa = XCConfigurationList;
			buildConfigurations = (
				65A2D5E81F55618C00B31294 /* Debug */,
				65A2D5E91F55618C00B31294 /* Release */,
			);
			defaultConfigurationIsVisible = 0;
		};
		65A2D5EA1F55618C00B31294 /* Build configuration list for PBXNativeTarget "dropDownMultiSelectTests" */ = {
			isa = XCConfigurationList;
			buildConfigurations = (
				65A2D5EB1F55618C00B31294 /* Debug */,
				65A2D5EC1F55618C00B31294 /* Release */,
			);
			defaultConfigurationIsVisible = 0;
		};
		65A2D5ED1F55618C00B31294 /* Build configuration list for PBXNativeTarget "dropDownMultiSelectUITests" */ = {
			isa = XCConfigurationList;
			buildConfigurations = (
				65A2D5EE1F55618C00B31294 /* Debug */,
				65A2D5EF1F55618C00B31294 /* Release */,
			);
			defaultConfigurationIsVisible = 0;
		};
/* End XCConfigurationList section */
	};
	rootObject = 65A2D5B21F55618B00B31294 /* Project object */;
}
